
Microsoft Visual Studio Solution File, Format Version 12.00
# Visual Studio Version 17
VisualStudioVersion = 17.5.33516.290
MinimumVisualStudioVersion = 10.0.40219.1
Project("{FAE04EC0-301F-11D3-BF4B-00C04F79EFBC}") = "Task_4_PolessUP", "Task_4_PolessUP\Task_4_PolessUP.csproj", "{4E5D9DC9-46E4-4EA3-9EB1-83973572529D}"
EndProject
Global
	GlobalSection(SolutionConfigurationPlatforms) = preSolution
		Debug|Any CPU = Debug|Any CPU
		Release|Any CPU = Release|Any CPU
	EndGlobalSection
	GlobalSection(ProjectConfigurationPlatforms) = postSolution
		{4E5D9DC9-46E4-4EA3-9EB1-83973572529D}.Debug|Any CPU.ActiveCfg = Debug|Any CPU
		{4E5D9DC9-46E4-4EA3-9EB1-83973572529D}.Debug|Any CPU.Build.0 = Debug|Any CPU
		{4E5D9DC9-46E4-4EA3-9EB1-83973572529D}.Release|Any CPU.ActiveCfg = Release|Any CPU
		{4E5D9DC9-46E4-4EA3-9EB1-83973572529D}.Release|Any CPU.Build.0 = Release|Any CPU
	EndGlobalSection
	GlobalSection(SolutionProperties) = preSolution
		HideSolutionNode = FALSE
	EndGlobalSection
	GlobalSection(ExtensibilityGlobals) = postSolution
		SolutionGuid = {6DD32A07-0513-461A-A871-A37776214217}
	EndGlobalSection
EndGlobal
